[[package]]
name = "appnope"
version = "0.1.3"
description = "Disable App Nap on macOS >= 10.9"
category = "dev"
optional = false
python-versions = "*"

[[package]]
name = "asttokens"
version = "2.0.5"
description = "Annotate AST trees with source code positions"
category = "dev"
optional = false
python-versions = "*"

[package.dependencies]
six = "*"

[package.extras]
test = ["astroid", "pytest"]

[[package]]
name = "atomicwrites"
version = "1.4.1"
description = "Atomic file writes."
category = "dev"
optional = false
python-versions = ">=2.7, !=3.0.*, !=3.1.*, !=3.2.*, !=3.3.*"

[[package]]
name = "attrs"
version = "21.4.0"
description = "Classes Without Boilerplate"
category = "dev"
optional = false
python-versions = ">=2.7, !=3.0.*, !=3.1.*, !=3.2.*, !=3.3.*, !=3.4.*"

[package.extras]
dev = ["coverage[toml] (>=5.0.2)", "hypothesis", "pympler", "pytest (>=4.3.0)", "six", "mypy", "pytest-mypy-plugins", "zope.interface", "furo", "sphinx", "sphinx-notfound-page", "pre-commit", "cloudpickle"]
docs = ["furo", "sphinx", "zope.interface", "sphinx-notfound-page"]
tests = ["coverage[toml] (>=5.0.2)", "hypothesis", "pympler", "pytest (>=4.3.0)", "six", "mypy", "pytest-mypy-plugins", "zope.interface", "cloudpickle"]
tests_no_zope = ["coverage[toml] (>=5.0.2)", "hypothesis", "pympler", "pytest (>=4.3.0)", "six", "mypy", "pytest-mypy-plugins", "cloudpickle"]

[[package]]
name = "backcall"
version = "0.2.0"
description = "Specifications for callback functions passed in to an API"
category = "dev"
optional = false
python-versions = "*"

[[package]]
name = "certifi"
version = "2022.6.15"
description = "Python package for providing Mozilla's CA Bundle."
category = "main"
optional = false
python-versions = ">=3.6"

[[package]]
name = "cffi"
version = "1.15.1"
description = "Foreign Function Interface for Python calling C code."
category = "main"
optional = false
python-versions = "*"

[package.dependencies]
pycparser = "*"

[[package]]
name = "charset-normalizer"
version = "2.1.0"
description = "The Real First Universal Charset Detector. Open, modern and actively maintained alternative to Chardet."
category = "main"
optional = false
python-versions = ">=3.6.0"

[package.extras]
unicode_backport = ["unicodedata2"]

[[package]]
name = "colorama"
version = "0.4.5"
description = "Cross-platform colored terminal text."
category = "dev"
optional = false
python-versions = ">=2.7, !=3.0.*, !=3.1.*, !=3.2.*, !=3.3.*, !=3.4.*"

[[package]]
name = "coverage"
version = "6.4.1"
description = "Code coverage measurement for Python"
category = "dev"
optional = false
python-versions = ">=3.7"

[package.extras]
toml = ["tomli"]

[[package]]
name = "decorator"
version = "5.1.1"
description = "Decorators for Humans"
category = "dev"
optional = false
python-versions = ">=3.5"

[[package]]
name = "dnspython"
version = "2.2.1"
description = "DNS toolkit"
category = "main"
optional = false
python-versions = ">=3.6,<4.0"

[package.extras]
dnssec = ["cryptography (>=2.6,<37.0)"]
curio = ["curio (>=1.2,<2.0)", "sniffio (>=1.1,<2.0)"]
doh = ["h2 (>=4.1.0)", "httpx (>=0.21.1)", "requests (>=2.23.0,<3.0.0)", "requests-toolbelt (>=0.9.1,<0.10.0)"]
idna = ["idna (>=2.1,<4.0)"]
trio = ["trio (>=0.14,<0.20)"]
wmi = ["wmi (>=1.5.1,<2.0.0)"]

[[package]]
name = "executing"
version = "0.8.3"
description = "Get the currently executing AST node of a frame, and other information"
category = "dev"
optional = false
python-versions = "*"

[[package]]
name = "flake8"
version = "4.0.1"
description = "the modular source code checker: pep8 pyflakes and co"
category = "dev"
optional = false
python-versions = ">=3.6"

[package.dependencies]
mccabe = ">=0.6.0,<0.7.0"
pycodestyle = ">=2.8.0,<2.9.0"
pyflakes = ">=2.4.0,<2.5.0"

[[package]]
name = "gevent"
version = "21.12.0"
description = "Coroutine-based network library"
category = "main"
optional = false
python-versions = ">=2.7,!=3.0.*,!=3.1.*,!=3.2.*,!=3.3.*,!=3.4.*,!=3.5"

[package.dependencies]
cffi = {version = ">=1.12.2", markers = "platform_python_implementation == \"CPython\" and sys_platform == \"win32\""}
greenlet = {version = ">=1.1.0,<2.0", markers = "platform_python_implementation == \"CPython\""}
"zope.event" = "*"
"zope.interface" = "*"

[package.extras]
dnspython = ["dnspython (>=1.16.0,<2.0)", "idna"]
docs = ["repoze.sphinx.autointerface", "sphinxcontrib-programoutput", "zope.schema"]
monitor = ["psutil (>=5.7.0)"]
recommended = ["cffi (>=1.12.2)", "dnspython (>=1.16.0,<2.0)", "idna", "selectors2", "backports.socketpair", "psutil (>=5.7.0)"]
test = ["requests", "objgraph", "cffi (>=1.12.2)", "dnspython (>=1.16.0,<2.0)", "idna", "selectors2", "futures", "mock", "backports.socketpair", "contextvars (==2.4)", "coverage (>=5.0)", "coveralls (>=1.7.0)", "psutil (>=5.7.0)"]

[[package]]
name = "greenlet"
version = "1.1.2"
description = "Lightweight in-process concurrent programming"
category = "main"
optional = false
python-versions = ">=2.7,!=3.0.*,!=3.1.*,!=3.2.*,!=3.3.*,!=3.4.*"

[package.extras]
docs = ["sphinx"]

[[package]]
name = "idna"
version = "3.3"
description = "Internationalized Domain Names in Applications (IDNA)"
category = "main"
optional = false
python-versions = ">=3.5"

[[package]]
name = "iniconfig"
version = "1.1.1"
description = "iniconfig: brain-dead simple config-ini parsing"
category = "dev"
optional = false
python-versions = "*"

[[package]]
name = "ipython"
version = "8.4.0"
description = "IPython: Productive Interactive Computing"
category = "dev"
optional = false
python-versions = ">=3.8"

[package.dependencies]
appnope = {version = "*", markers = "sys_platform == \"darwin\""}
backcall = "*"
colorama = {version = "*", markers = "sys_platform == \"win32\""}
decorator = "*"
jedi = ">=0.16"
matplotlib-inline = "*"
pexpect = {version = ">4.3", markers = "sys_platform != \"win32\""}
pickleshare = "*"
prompt-toolkit = ">=2.0.0,<3.0.0 || >3.0.0,<3.0.1 || >3.0.1,<3.1.0"
pygments = ">=2.4.0"
stack-data = "*"
traitlets = ">=5"

[package.extras]
all = ["black", "Sphinx (>=1.3)", "ipykernel", "nbconvert", "nbformat", "ipywidgets", "notebook", "ipyparallel", "qtconsole", "pytest (<7.1)", "pytest-asyncio", "testpath", "curio", "matplotlib (!=3.2.0)", "numpy (>=1.19)", "pandas", "trio"]
black = ["black"]
doc = ["Sphinx (>=1.3)"]
kernel = ["ipykernel"]
nbconvert = ["nbconvert"]
nbformat = ["nbformat"]
notebook = ["ipywidgets", "notebook"]
parallel = ["ipyparallel"]
qtconsole = ["qtconsole"]
test = ["pytest (<7.1)", "pytest-asyncio", "testpath"]
test_extra = ["pytest (<7.1)", "pytest-asyncio", "testpath", "curio", "matplotlib (!=3.2.0)", "nbformat", "numpy (>=1.19)", "pandas", "trio"]

[[package]]
name = "itsdangerous"
version = "2.1.2"
description = "Safely pass data to untrusted environments and back."
category = "dev"
optional = false
python-versions = ">=3.7"

[[package]]
name = "jedi"
version = "0.18.1"
description = "An autocompletion tool for Python that can be used for text editors."
category = "dev"
optional = false
python-versions = ">=3.6"

[package.dependencies]
parso = ">=0.8.0,<0.9.0"

[package.extras]
qa = ["flake8 (==3.8.3)", "mypy (==0.782)"]
testing = ["Django (<3.1)", "colorama", "docopt", "pytest (<7.0.0)"]

[[package]]
name = "matplotlib-inline"
version = "0.1.3"
description = "Inline Matplotlib backend for Jupyter"
category = "dev"
optional = false
python-versions = ">=3.5"

[package.dependencies]
traitlets = "*"

[[package]]
name = "mccabe"
version = "0.6.1"
description = "McCabe checker, plugin for flake8"
category = "dev"
optional = false
python-versions = "*"

[[package]]
name = "msgpack"
version = "1.0.4"
description = "MessagePack serializer"
category = "main"
optional = false
python-versions = "*"

[[package]]
name = "mypy"
version = "0.961"
description = "Optional static typing for Python"
category = "dev"
optional = false
python-versions = ">=3.6"

[package.dependencies]
mypy-extensions = ">=0.4.3"
tomli = {version = ">=1.1.0", markers = "python_version < \"3.11\""}
typing-extensions = ">=3.10"

[package.extras]
dmypy = ["psutil (>=4.0)"]
python2 = ["typed-ast (>=1.4.0,<2)"]
reports = ["lxml"]

[[package]]
name = "mypy-extensions"
version = "0.4.3"
description = "Experimental type system extensions for programs checked with the mypy typechecker."
category = "dev"
optional = false
python-versions = "*"

[[package]]
name = "neovim"
version = "0.3.1"
description = "Transition packgage for pynvim"
category = "dev"
optional = false
python-versions = "*"

[package.dependencies]
pynvim = ">=0.3.1"

[[package]]
name = "packaging"
version = "21.3"
description = "Core utilities for Python packages"
category = "dev"
optional = false
python-versions = ">=3.6"

[package.dependencies]
pyparsing = ">=2.0.2,<3.0.5 || >3.0.5"

[[package]]
name = "parso"
version = "0.8.3"
description = "A Python Parser"
category = "dev"
optional = false
python-versions = ">=3.6"

[package.extras]
qa = ["flake8 (==3.8.3)", "mypy (==0.782)"]
testing = ["docopt", "pytest (<6.0.0)"]

[[package]]
name = "pexpect"
version = "4.8.0"
description = "Pexpect allows easy control of interactive console applications."
category = "dev"
optional = false
python-versions = "*"

[package.dependencies]
ptyprocess = ">=0.5"

[[package]]
name = "pickleshare"
version = "0.7.5"
description = "Tiny 'shelve'-like database with concurrency support"
category = "dev"
optional = false
python-versions = "*"

[[package]]
name = "pluggy"
version = "1.0.0"
description = "plugin and hook calling mechanisms for python"
category = "dev"
optional = false
python-versions = ">=3.6"

[package.extras]
dev = ["pre-commit", "tox"]
testing = ["pytest", "pytest-benchmark"]

[[package]]
name = "prompt-toolkit"
version = "3.0.30"
description = "Library for building powerful interactive command lines in Python"
category = "dev"
optional = false
python-versions = ">=3.6.2"

[package.dependencies]
wcwidth = "*"

[[package]]
name = "ptyprocess"
version = "0.7.0"
description = "Run a subprocess in a pseudo terminal"
category = "dev"
optional = false
python-versions = "*"

[[package]]
name = "pure-eval"
version = "0.2.2"
description = "Safely evaluate AST nodes without side effects"
category = "dev"
optional = false
python-versions = "*"

[package.extras]
tests = ["pytest"]

[[package]]
name = "py"
version = "1.11.0"
description = "library with cross-python path, ini-parsing, io, code, log facilities"
category = "dev"
optional = false
python-versions = ">=2.7, !=3.0.*, !=3.1.*, !=3.2.*, !=3.3.*, !=3.4.*"

[[package]]
name = "pycodestyle"
version = "2.8.0"
description = "Python style guide checker"
category = "dev"
optional = false
python-versions = ">=2.7, !=3.0.*, !=3.1.*, !=3.2.*, !=3.3.*, !=3.4.*"

[[package]]
name = "pycparser"
version = "2.21"
description = "C parser in Python"
category = "main"
optional = false
python-versions = ">=2.7, !=3.0.*, !=3.1.*, !=3.2.*, !=3.3.*"

[[package]]
name = "pyflakes"
version = "2.4.0"
description = "passive checker of Python programs"
category = "dev"
optional = false
python-versions = ">=2.7, !=3.0.*, !=3.1.*, !=3.2.*, !=3.3.*"

[[package]]
name = "pygments"
version = "2.12.0"
description = "Pygments is a syntax highlighting package written in Python."
category = "dev"
optional = false
python-versions = ">=3.6"

[[package]]
name = "pynvim"
version = "0.4.3"
description = "Python client to neovim"
category = "dev"
optional = false
python-versions = "*"

[package.dependencies]
greenlet = "*"
msgpack = ">=0.5.0"

[package.extras]
pyuv = ["pyuv (>=1.0.0)"]
test = ["pytest (>=3.4.0)"]

[[package]]
name = "pyparsing"
version = "3.0.9"
description = "pyparsing module - Classes and methods to define and execute parsing grammars"
category = "dev"
optional = false
python-versions = ">=3.6.8"

[package.extras]
diagrams = ["railroad-diagrams", "jinja2"]

[[package]]
name = "pytest"
version = "7.1.2"
description = "pytest: simple powerful testing with Python"
category = "dev"
optional = false
python-versions = ">=3.7"

[package.dependencies]
atomicwrites = {version = ">=1.0", markers = "sys_platform == \"win32\""}
attrs = ">=19.2.0"
colorama = {version = "*", markers = "sys_platform == \"win32\""}
iniconfig = "*"
packaging = "*"
pluggy = ">=0.12,<2.0"
py = ">=1.8.2"
tomli = ">=1.0.0"

[package.extras]
testing = ["argcomplete", "hypothesis (>=3.56)", "mock", "nose", "pygments (>=2.7.2)", "requests", "xmlschema"]

[[package]]
name = "raven"
version = "6.10.0"
description = "Raven is a client for Sentry (https://getsentry.com)"
category = "main"
optional = false
python-versions = "*"

[package.extras]
flask = ["Flask (>=0.8)", "blinker (>=1.1)"]
tests = ["bottle", "celery (>=2.5)", "coverage (<4)", "exam (>=0.5.2)", "flake8 (==3.5.0)", "logbook", "mock", "nose", "pytz", "pytest (>=3.2.0,<3.3.0)", "pytest-timeout (==1.2.1)", "pytest-xdist (==1.18.2)", "pytest-pythonpath (==0.7.2)", "pytest-cov (==2.5.1)", "pytest-flake8 (==1.0.0)", "requests", "tornado (>=4.1,<5.0)", "tox", "webob", "webtest", "wheel", "anyjson", "zconfig", "Flask (>=0.8)", "blinker (>=1.1)", "Flask-Login (>=0.2.0)", "blinker (>=1.1)", "sanic (>=0.7.0)", "aiohttp"]

[[package]]
name = "requests"
version = "2.28.1"
description = "Python HTTP for Humans."
category = "main"
optional = false
python-versions = ">=3.7, <4"

[package.dependencies]
certifi = ">=2017.4.17"
charset-normalizer = ">=2,<3"
idna = ">=2.5,<4"
urllib3 = ">=1.21.1,<1.27"

[package.extras]
socks = ["PySocks (>=1.5.6,!=1.5.7)"]
use_chardet_on_py3 = ["chardet (>=3.0.2,<6)"]

[[package]]
name = "six"
version = "1.16.0"
description = "Python 2 and 3 compatibility utilities"
category = "dev"
optional = false
python-versions = ">=2.7, !=3.0.*, !=3.1.*, !=3.2.*"

[[package]]
name = "stack-data"
version = "0.3.0"
description = "Extract data from python stack frames and tracebacks for informative displays"
category = "dev"
optional = false
python-versions = "*"

[package.dependencies]
asttokens = "*"
executing = "*"
pure-eval = "*"

[package.extras]
tests = ["pytest", "typeguard", "pygments", "littleutils", "cython"]

[[package]]
name = "tomli"
version = "2.0.1"
description = "A lil' TOML parser"
category = "dev"
optional = false
python-versions = ">=3.7"

[[package]]
name = "traitlets"
version = "5.3.0"
description = ""
category = "dev"
optional = false
python-versions = ">=3.7"

[package.extras]
test = ["pre-commit", "pytest"]

[[package]]
name = "typing-extensions"
version = "4.3.0"
description = "Backported and Experimental Type Hints for Python 3.7+"
category = "dev"
optional = false
python-versions = ">=3.7"

[[package]]
name = "urllib3"
version = "1.26.10"
description = "HTTP library with thread-safe connection pooling, file post, and more."
category = "main"
optional = false
python-versions = ">=2.7, !=3.0.*, !=3.1.*, !=3.2.*, !=3.3.*, !=3.4.*, !=3.5.*, <4"

[package.extras]
brotli = ["brotlicffi (>=0.8.0)", "brotli (>=1.0.9)", "brotlipy (>=0.6.0)"]
secure = ["pyOpenSSL (>=0.14)", "cryptography (>=1.3.4)", "idna (>=2.0.0)", "certifi", "ipaddress"]
socks = ["PySocks (>=1.5.6,!=1.5.7,<2.0)"]

[[package]]
name = "wcwidth"
version = "0.2.5"
description = "Measures the displayed width of unicode strings in a terminal"
category = "dev"
optional = false
python-versions = "*"

[[package]]
name = "websocket-client"
version = "1.3.3"
description = "WebSocket client for Python with low level API options"
category = "main"
optional = false
python-versions = ">=3.7"

[package.extras]
docs = ["Sphinx (>=3.4)", "sphinx-rtd-theme (>=0.5)"]
optional = ["python-socks", "wsaccel"]
test = ["websockets"]

[[package]]
name = "zope.event"
version = "4.5.0"
description = "Very basic event publishing system"
category = "main"
optional = false
python-versions = "*"

[package.extras]
docs = ["sphinx"]
test = ["zope.testrunner"]

[[package]]
name = "zope.interface"
version = "5.4.0"
description = "Interfaces for Python"
category = "main"
optional = false
python-versions = ">=2.7, !=3.0.*, !=3.1.*, !=3.2.*, !=3.3.*, !=3.4.*"

[package.extras]
docs = ["sphinx", "repoze.sphinx.autointerface"]
test = ["coverage (>=5.0.3)", "zope.event", "zope.testing"]
testing = ["coverage (>=5.0.3)", "zope.event", "zope.testing"]

[metadata]
lock-version = "1.1"
python-versions = "^3.10"
content-hash = "3ad863edc34b0ea36bbe9f782484247d10e86d5236ea2b39b12960838477b91d"

[metadata.files]
appnope = [
    {file = "appnope-0.1.3-py2.py3-none-any.whl", hash = "sha256:265a455292d0bd8a72453494fa24df5a11eb18373a60c7c0430889f22548605e"},
    {file = "appnope-0.1.3.tar.gz", hash = "sha256:02bd91c4de869fbb1e1c50aafc4098827a7a54ab2f39d9dcba6c9547ed920e24"},
]
asttokens = [
    {file = "asttokens-2.0.5-py2.py3-none-any.whl", hash = "sha256:0844691e88552595a6f4a4281a9f7f79b8dd45ca4ccea82e5e05b4bbdb76705c"},
    {file = "asttokens-2.0.5.tar.gz", hash = "sha256:9a54c114f02c7a9480d56550932546a3f1fe71d8a02f1bc7ccd0ee3ee35cf4d5"},
]
atomicwrites = []
attrs = [
    {file = "attrs-21.4.0-py2.py3-none-any.whl", hash = "sha256:2d27e3784d7a565d36ab851fe94887c5eccd6a463168875832a1be79c82828b4"},
    {file = "attrs-21.4.0.tar.gz", hash = "sha256:626ba8234211db98e869df76230a137c4c40a12d72445c45d5f5b716f076e2fd"},
]
backcall = [
    {file = "backcall-0.2.0-py2.py3-none-any.whl", hash = "sha256:fbbce6a29f263178a1f7915c1940bde0ec2b2a967566fe1c65c1dfb7422bd255"},
    {file = "backcall-0.2.0.tar.gz", hash = "sha256:5cbdbf27be5e7cfadb448baf0aa95508f91f2bbc6c6437cd9cd06e2a4c215e1e"},
]
certifi = []
cffi = []
charset-normalizer = []
colorama = []
coverage = []
decorator = [
    {file = "decorator-5.1.1-py3-none-any.whl", hash = "sha256:b8c3f85900b9dc423225913c5aace94729fe1fa9763b38939a95226f02d37186"},
    {file = "decorator-5.1.1.tar.gz", hash = "sha256:637996211036b6385ef91435e4fae22989472f9d571faba8927ba8253acbc330"},
]
dnspython = [
    {file = "dnspython-2.2.1-py3-none-any.whl", hash = "sha256:a851e51367fb93e9e1361732c1d60dab63eff98712e503ea7d92e6eccb109b4f"},
    {file = "dnspython-2.2.1.tar.gz", hash = "sha256:0f7569a4a6ff151958b64304071d370daa3243d15941a7beedf0c9fe5105603e"},
]
executing = [
    {file = "executing-0.8.3-py2.py3-none-any.whl", hash = "sha256:d1eef132db1b83649a3905ca6dd8897f71ac6f8cac79a7e58a1a09cf137546c9"},
    {file = "executing-0.8.3.tar.gz", hash = "sha256:c6554e21c6b060590a6d3be4b82fb78f8f0194d809de5ea7df1c093763311501"},
]
flake8 = [
    {file = "flake8-4.0.1-py2.py3-none-any.whl", hash = "sha256:479b1304f72536a55948cb40a32dce8bb0ffe3501e26eaf292c7e60eb5e0428d"},
    {file = "flake8-4.0.1.tar.gz", hash = "sha256:806e034dda44114815e23c16ef92f95c91e4c71100ff52813adf7132a6ad870d"},
]
gevent = []
greenlet = [
    {file = "greenlet-1.1.2-cp27-cp27m-macosx_10_14_x86_64.whl", hash = "sha256:58df5c2a0e293bf665a51f8a100d3e9956febfbf1d9aaf8c0677cf70218910c6"},
    {file = "greenlet-1.1.2-cp27-cp27m-manylinux1_x86_64.whl", hash = "sha256:aec52725173bd3a7b56fe91bc56eccb26fbdff1386ef123abb63c84c5b43b63a"},
    {file = "greenlet-1.1.2-cp27-cp27m-manylinux2010_x86_64.whl", hash = "sha256:833e1551925ed51e6b44c800e71e77dacd7e49181fdc9ac9a0bf3714d515785d"},
    {file = "greenlet-1.1.2-cp27-cp27m-win32.whl", hash = "sha256:aa5b467f15e78b82257319aebc78dd2915e4c1436c3c0d1ad6f53e47ba6e2713"},
    {file = "greenlet-1.1.2-cp27-cp27m-win_amd64.whl", hash = "sha256:40b951f601af999a8bf2ce8c71e8aaa4e8c6f78ff8afae7b808aae2dc50d4c40"},
    {file = "greenlet-1.1.2-cp27-cp27mu-manylinux1_x86_64.whl", hash = "sha256:95e69877983ea39b7303570fa6760f81a3eec23d0e3ab2021b7144b94d06202d"},
    {file = "greenlet-1.1.2-cp27-cp27mu-manylinux2010_x86_64.whl", hash = "sha256:356b3576ad078c89a6107caa9c50cc14e98e3a6c4874a37c3e0273e4baf33de8"},
    {file = "greenlet-1.1.2-cp310-cp310-macosx_10_14_x86_64.whl", hash = "sha256:8639cadfda96737427330a094476d4c7a56ac03de7265622fcf4cfe57c8ae18d"},
    {file = "greenlet-1.1.2-cp310-cp310-manylinux_2_17_aarch64.manylinux2014_aarch64.whl", hash = "sha256:97e5306482182170ade15c4b0d8386ded995a07d7cc2ca8f27958d34d6736497"},
    {file = "greenlet-1.1.2-cp310-cp310-manylinux_2_17_ppc64le.manylinux2014_ppc64le.whl", hash = "sha256:e6a36bb9474218c7a5b27ae476035497a6990e21d04c279884eb10d9b290f1b1"},
    {file = "greenlet-1.1.2-cp310-cp310-manylinux_2_17_x86_64.manylinux2014_x86_64.whl", hash = "sha256:abb7a75ed8b968f3061327c433a0fbd17b729947b400747c334a9c29a9af6c58"},
    {file = "greenlet-1.1.2-cp310-cp310-musllinux_1_1_x86_64.whl", hash = "sha256:b336501a05e13b616ef81ce329c0e09ac5ed8c732d9ba7e3e983fcc1a9e86965"},
    {file = "greenlet-1.1.2-cp310-cp310-win_amd64.whl", hash = "sha256:14d4f3cd4e8b524ae9b8aa567858beed70c392fdec26dbdb0a8a418392e71708"},
    {file = "greenlet-1.1.2-cp35-cp35m-macosx_10_14_x86_64.whl", hash = "sha256:17ff94e7a83aa8671a25bf5b59326ec26da379ace2ebc4411d690d80a7fbcf23"},
    {file = "greenlet-1.1.2-cp35-cp35m-manylinux1_x86_64.whl", hash = "sha256:9f3cba480d3deb69f6ee2c1825060177a22c7826431458c697df88e6aeb3caee"},
    {file = "greenlet-1.1.2-cp35-cp35m-manylinux2010_x86_64.whl", hash = "sha256:fa877ca7f6b48054f847b61d6fa7bed5cebb663ebc55e018fda12db09dcc664c"},
    {file = "greenlet-1.1.2-cp35-cp35m-win32.whl", hash = "sha256:7cbd7574ce8e138bda9df4efc6bf2ab8572c9aff640d8ecfece1b006b68da963"},
    {file = "greenlet-1.1.2-cp35-cp35m-win_amd64.whl", hash = "sha256:903bbd302a2378f984aef528f76d4c9b1748f318fe1294961c072bdc7f2ffa3e"},
    {file = "greenlet-1.1.2-cp36-cp36m-macosx_10_14_x86_64.whl", hash = "sha256:049fe7579230e44daef03a259faa24511d10ebfa44f69411d99e6a184fe68073"},
    {file = "greenlet-1.1.2-cp36-cp36m-manylinux1_x86_64.whl", hash = "sha256:dd0b1e9e891f69e7675ba5c92e28b90eaa045f6ab134ffe70b52e948aa175b3c"},
    {file = "greenlet-1.1.2-cp36-cp36m-manylinux2010_x86_64.whl", hash = "sha256:7418b6bfc7fe3331541b84bb2141c9baf1ec7132a7ecd9f375912eca810e714e"},
    {file = "greenlet-1.1.2-cp36-cp36m-manylinux_2_17_aarch64.manylinux2014_aarch64.whl", hash = "sha256:f9d29ca8a77117315101425ec7ec2a47a22ccf59f5593378fc4077ac5b754fce"},
    {file = "greenlet-1.1.2-cp36-cp36m-manylinux_2_17_ppc64le.manylinux2014_ppc64le.whl", hash = "sha256:21915eb821a6b3d9d8eefdaf57d6c345b970ad722f856cd71739493ce003ad08"},
    {file = "greenlet-1.1.2-cp36-cp36m-manylinux_2_17_x86_64.manylinux2014_x86_64.whl", hash = "sha256:eff9d20417ff9dcb0d25e2defc2574d10b491bf2e693b4e491914738b7908168"},
    {file = "greenlet-1.1.2-cp36-cp36m-musllinux_1_1_x86_64.whl", hash = "sha256:b8c008de9d0daba7b6666aa5bbfdc23dcd78cafc33997c9b7741ff6353bafb7f"},
    {file = "greenlet-1.1.2-cp36-cp36m-win32.whl", hash = "sha256:32ca72bbc673adbcfecb935bb3fb1b74e663d10a4b241aaa2f5a75fe1d1f90aa"},
    {file = "greenlet-1.1.2-cp36-cp36m-win_amd64.whl", hash = "sha256:f0214eb2a23b85528310dad848ad2ac58e735612929c8072f6093f3585fd342d"},
    {file = "greenlet-1.1.2-cp37-cp37m-macosx_10_14_x86_64.whl", hash = "sha256:b92e29e58bef6d9cfd340c72b04d74c4b4e9f70c9fa7c78b674d1fec18896dc4"},
    {file = "greenlet-1.1.2-cp37-cp37m-manylinux1_x86_64.whl", hash = "sha256:fdcec0b8399108577ec290f55551d926d9a1fa6cad45882093a7a07ac5ec147b"},
    {file = "greenlet-1.1.2-cp37-cp37m-manylinux2010_x86_64.whl", hash = "sha256:93f81b134a165cc17123626ab8da2e30c0455441d4ab5576eed73a64c025b25c"},
    {file = "greenlet-1.1.2-cp37-cp37m-manylinux_2_17_aarch64.manylinux2014_aarch64.whl", hash = "sha256:1e12bdc622676ce47ae9abbf455c189e442afdde8818d9da983085df6312e7a1"},
    {file = "greenlet-1.1.2-cp37-cp37m-manylinux_2_17_ppc64le.manylinux2014_ppc64le.whl", hash = "sha256:8c790abda465726cfb8bb08bd4ca9a5d0a7bd77c7ac1ca1b839ad823b948ea28"},
    {file = "greenlet-1.1.2-cp37-cp37m-manylinux_2_17_x86_64.manylinux2014_x86_64.whl", hash = "sha256:f276df9830dba7a333544bd41070e8175762a7ac20350786b322b714b0e654f5"},
    {file = "greenlet-1.1.2-cp37-cp37m-musllinux_1_1_x86_64.whl", hash = "sha256:8c5d5b35f789a030ebb95bff352f1d27a93d81069f2adb3182d99882e095cefe"},
    {file = "greenlet-1.1.2-cp37-cp37m-win32.whl", hash = "sha256:64e6175c2e53195278d7388c454e0b30997573f3f4bd63697f88d855f7a6a1fc"},
    {file = "greenlet-1.1.2-cp37-cp37m-win_amd64.whl", hash = "sha256:b11548073a2213d950c3f671aa88e6f83cda6e2fb97a8b6317b1b5b33d850e06"},
    {file = "greenlet-1.1.2-cp38-cp38-macosx_10_14_x86_64.whl", hash = "sha256:9633b3034d3d901f0a46b7939f8c4d64427dfba6bbc5a36b1a67364cf148a1b0"},
    {file = "greenlet-1.1.2-cp38-cp38-manylinux1_x86_64.whl", hash = "sha256:eb6ea6da4c787111adf40f697b4e58732ee0942b5d3bd8f435277643329ba627"},
    {file = "greenlet-1.1.2-cp38-cp38-manylinux2010_x86_64.whl", hash = "sha256:f3acda1924472472ddd60c29e5b9db0cec629fbe3c5c5accb74d6d6d14773478"},
    {file = "greenlet-1.1.2-cp38-cp38-manylinux_2_17_aarch64.manylinux2014_aarch64.whl", hash = "sha256:e859fcb4cbe93504ea18008d1df98dee4f7766db66c435e4882ab35cf70cac43"},
    {file = "greenlet-1.1.2-cp38-cp38-manylinux_2_17_ppc64le.manylinux2014_ppc64le.whl", hash = "sha256:00e44c8afdbe5467e4f7b5851be223be68adb4272f44696ee71fe46b7036a711"},
    {file = "greenlet-1.1.2-cp38-cp38-manylinux_2_17_x86_64.manylinux2014_x86_64.whl", hash = "sha256:ec8c433b3ab0419100bd45b47c9c8551248a5aee30ca5e9d399a0b57ac04651b"},
    {file = "greenlet-1.1.2-cp38-cp38-musllinux_1_1_x86_64.whl", hash = "sha256:2bde6792f313f4e918caabc46532aa64aa27a0db05d75b20edfc5c6f46479de2"},
    {file = "greenlet-1.1.2-cp38-cp38-win32.whl", hash = "sha256:288c6a76705dc54fba69fbcb59904ae4ad768b4c768839b8ca5fdadec6dd8cfd"},
    {file = "greenlet-1.1.2-cp38-cp38-win_amd64.whl", hash = "sha256:8d2f1fb53a421b410751887eb4ff21386d119ef9cde3797bf5e7ed49fb51a3b3"},
    {file = "greenlet-1.1.2-cp39-cp39-macosx_10_14_x86_64.whl", hash = "sha256:166eac03e48784a6a6e0e5f041cfebb1ab400b394db188c48b3a84737f505b67"},
    {file = "greenlet-1.1.2-cp39-cp39-manylinux1_x86_64.whl", hash = "sha256:572e1787d1460da79590bf44304abbc0a2da944ea64ec549188fa84d89bba7ab"},
    {file = "greenlet-1.1.2-cp39-cp39-manylinux2010_x86_64.whl", hash = "sha256:be5f425ff1f5f4b3c1e33ad64ab994eed12fc284a6ea71c5243fd564502ecbe5"},
    {file = "greenlet-1.1.2-cp39-cp39-manylinux_2_17_aarch64.manylinux2014_aarch64.whl", hash = "sha256:b1692f7d6bc45e3200844be0dba153612103db241691088626a33ff1f24a0d88"},
    {file = "greenlet-1.1.2-cp39-cp39-manylinux_2_17_ppc64le.manylinux2014_ppc64le.whl", hash = "sha256:7227b47e73dedaa513cdebb98469705ef0d66eb5a1250144468e9c3097d6b59b"},
    {file = "greenlet-1.1.2-cp39-cp39-manylinux_2_17_x86_64.manylinux2014_x86_64.whl", hash = "sha256:7ff61ff178250f9bb3cd89752df0f1dd0e27316a8bd1465351652b1b4a4cdfd3"},
    {file = "greenlet-1.1.2-cp39-cp39-musllinux_1_1_x86_64.whl", hash = "sha256:0051c6f1f27cb756ffc0ffbac7d2cd48cb0362ac1736871399a739b2885134d3"},
    {file = "greenlet-1.1.2-cp39-cp39-win32.whl", hash = "sha256:f70a9e237bb792c7cc7e44c531fd48f5897961701cdaa06cf22fc14965c496cf"},
    {file = "greenlet-1.1.2-cp39-cp39-win_amd64.whl", hash = "sha256:013d61294b6cd8fe3242932c1c5e36e5d1db2c8afb58606c5a67efce62c1f5fd"},
    {file = "greenlet-1.1.2.tar.gz", hash = "sha256:e30f5ea4ae2346e62cedde8794a56858a67b878dd79f7df76a0767e356b1744a"},
]
idna = [
    {file = "idna-3.3-py3-none-any.whl", hash = "sha256:84d9dd047ffa80596e0f246e2eab0b391788b0503584e8945f2368256d2735ff"},
    {file = "idna-3.3.tar.gz", hash = "sha256:9d643ff0a55b762d5cdb124b8eaa99c66322e2157b69160bc32796e824360e6d"},
]
iniconfig = [
    {file = "iniconfig-1.1.1.tar.gz", hash = "sha256:bc3af051d7d14b2ee5ef9969666def0cd1a000e121eaea580d4a313df4b37f32"},
]
ipython = []
itsdangerous = [
    {file = "itsdangerous-2.1.2-py3-none-any.whl", hash = "sha256:2c2349112351b88699d8d4b6b075022c0808887cb7ad10069318a8b0bc88db44"},
    {file = "itsdangerous-2.1.2.tar.gz", hash = "sha256:5dbbc68b317e5e42f327f9021763545dc3fc3bfe22e6deb96aaf1fc38874156a"},
]
jedi = []
matplotlib-inline = [
    {file = "matplotlib-inline-0.1.3.tar.gz", hash = "sha256:a04bfba22e0d1395479f866853ec1ee28eea1485c1d69a6faf00dc3e24ff34ee"},
    {file = "matplotlib_inline-0.1.3-py3-none-any.whl", hash = "sha256:aed605ba3b72462d64d475a21a9296f400a19c4f74a31b59103d2a99ffd5aa5c"},
]
mccabe = [
    {file = "mccabe-0.6.1-py2.py3-none-any.whl", hash = "sha256:ab8a6258860da4b6677da4bd2fe5dc2c659cff31b3ee4f7f5d64e79735b80d42"},
    {file = "mccabe-0.6.1.tar.gz", hash = "sha256:dd8d182285a0fe56bace7f45b5e7d1a6ebcbf524e8f3bd87eb0f125271b8831f"},
]
msgpack = []
mypy = []
mypy-extensions = [
    {file = "mypy_extensions-0.4.3-py2.py3-none-any.whl", hash = "sha256:090fedd75945a69ae91ce1303b5824f428daf5a028d2f6ab8a299250a846f15d"},
    {file = "mypy_extensions-0.4.3.tar.gz", hash = "sha256:2d82818f5bb3e369420cb3c4060a7970edba416647068eb4c5343488a6c604a8"},
]
neovim = [
    {file = "neovim-0.3.1.tar.gz", hash = "sha256:a6a0e7a5b4433bf4e6ddcbc5c5ff44170be7d84259d002b8e8d8fb4ee78af60f"},
]
packaging = [
    {file = "packaging-21.3-py3-none-any.whl", hash = "sha256:ef103e05f519cdc783ae24ea4e2e0f508a9c99b2d4969652eed6a2e1ea5bd522"},
    {file = "packaging-21.3.tar.gz", hash = "sha256:dd47c42927d89ab911e606518907cc2d3a1f38bbd026385970643f9c5b8ecfeb"},
]
parso = []
pexpect = [
    {file = "pexpect-4.8.0-py2.py3-none-any.whl", hash = "sha256:0b48a55dcb3c05f3329815901ea4fc1537514d6ba867a152b581d69ae3710937"},
    {file = "pexpect-4.8.0.tar.gz", hash = "sha256:fc65a43959d153d0114afe13997d439c22823a27cefceb5ff35c2178c6784c0c"},
]
pickleshare = [
    {file = "pickleshare-0.7.5-py2.py3-none-any.whl", hash = "sha256:9649af414d74d4df115d5d718f82acb59c9d418196b7b4290ed47a12ce62df56"},
    {file = "pickleshare-0.7.5.tar.gz", hash = "sha256:87683d47965c1da65cdacaf31c8441d12b8044cdec9aca500cd78fc2c683afca"},
]
pluggy = [
    {file = "pluggy-1.0.0-py2.py3-none-any.whl", hash = "sha256:74134bbf457f031a36d68416e1509f34bd5ccc019f0bcc952c7b909d06b37bd3"},
    {file = "pluggy-1.0.0.tar.gz", hash = "sha256:4224373bacce55f955a878bf9cfa763c1e360858e330072059e10bad68531159"},
]
prompt-toolkit = []
ptyprocess = [
    {file = "ptyprocess-0.7.0-py2.py3-none-any.whl", hash = "sha256:4b41f3967fce3af57cc7e94b888626c18bf37a083e3651ca8feeb66d492fef35"},
    {file = "ptyprocess-0.7.0.tar.gz", hash = "sha256:5c5d0a3b48ceee0b48485e0c26037c0acd7d29765ca3fbb5cb3831d347423220"},
]
pure-eval = [
    {file = "pure_eval-0.2.2-py3-none-any.whl", hash = "sha256:01eaab343580944bc56080ebe0a674b39ec44a945e6d09ba7db3cb8cec289350"},
    {file = "pure_eval-0.2.2.tar.gz", hash = "sha256:2b45320af6dfaa1750f543d714b6d1c520a1688dec6fd24d339063ce0aaa9ac3"},
]
py = [
    {file = "py-1.11.0-py2.py3-none-any.whl", hash = "sha256:607c53218732647dff4acdfcd50cb62615cedf612e72d1724fb1a0cc6405b378"},
    {file = "py-1.11.0.tar.gz", hash = "sha256:51c75c4126074b472f746a24399ad32f6053d1b34b68d2fa41e558e6f4a98719"},
]
pycodestyle = [
    {file = "pycodestyle-2.8.0-py2.py3-none-any.whl", hash = "sha256:720f8b39dde8b293825e7ff02c475f3077124006db4f440dcbc9a20b76548a20"},
    {file = "pycodestyle-2.8.0.tar.gz", hash = "sha256:eddd5847ef438ea1c7870ca7eb78a9d47ce0cdb4851a5523949f2601d0cbbe7f"},
]
pycparser = [
    {file = "pycparser-2.21-py2.py3-none-any.whl", hash = "sha256:8ee45429555515e1f6b185e78100aea234072576aa43ab53aefcae078162fca9"},
    {file = "pycparser-2.21.tar.gz", hash = "sha256:e644fdec12f7872f86c58ff790da456218b10f863970249516d60a5eaca77206"},
]
pyflakes = [
    {file = "pyflakes-2.4.0-py2.py3-none-any.whl", hash = "sha256:3bb3a3f256f4b7968c9c788781e4ff07dce46bdf12339dcda61053375426ee2e"},
    {file = "pyflakes-2.4.0.tar.gz", hash = "sha256:05a85c2872edf37a4ed30b0cce2f6093e1d0581f8c19d7393122da7e25b2b24c"},
]
pygments = [
    {file = "Pygments-2.12.0-py3-none-any.whl", hash = "sha256:dc9c10fb40944260f6ed4c688ece0cd2048414940f1cea51b8b226318411c519"},
    {file = "Pygments-2.12.0.tar.gz", hash = "sha256:5eb116118f9612ff1ee89ac96437bb6b49e8f04d8a13b514ba26f620208e26eb"},
]
pynvim = [
    {file = "pynvim-0.4.3.tar.gz", hash = "sha256:3a795378bde5e8092fbeb3a1a99be9c613d2685542f1db0e5c6fd467eed56dff"},
]
pyparsing = [
    {file = "pyparsing-3.0.9-py3-none-any.whl", hash = "sha256:5026bae9a10eeaefb61dab2f09052b9f4307d44aee4eda64b309723d8d206bbc"},
    {file = "pyparsing-3.0.9.tar.gz", hash = "sha256:2b020ecf7d21b687f219b71ecad3631f644a47f01403fa1d1036b0c6416d70fb"},
]
pytest = [
    {file = "pytest-7.1.2-py3-none-any.whl", hash = "sha256:13d0e3ccfc2b6e26be000cb6568c832ba67ba32e719443bfe725814d3c42433c"},
    {file = "pytest-7.1.2.tar.gz", hash = "sha256:a06a0425453864a270bc45e71f783330a7428defb4230fb5e6a731fde06ecd45"},
]
raven = [
    {file = "raven-6.10.0-py2.py3-none-any.whl", hash = "sha256:44a13f87670836e153951af9a3c80405d36b43097db869a36e92809673692ce4"},
    {file = "raven-6.10.0.tar.gz", hash = "sha256:3fa6de6efa2493a7c827472e984ce9b020797d0da16f1db67197bcc23c8fae54"},
]
requests = []
six = [
    {file = "six-1.16.0-py2.py3-none-any.whl", hash = "sha256:8abb2f1d86890a2dfb989f9a77cfcfd3e47c2a354b01111771326f8aa26e0254"},
    {file = "six-1.16.0.tar.gz", hash = "sha256:1e61c37477a1626458e36f7b1d82aa5c9b094fa4802892072e49de9c60c4c926"},
]
stack-data = []
tomli = [
    {file = "tomli-2.0.1-py3-none-any.whl", hash = "sha256:939de3e7a6161af0c887ef91b7d41a53e7c5a1ca976325f429cb46ea9bc30ecc"},
    {file = "tomli-2.0.1.tar.gz", hash = "sha256:de526c12914f0c550d15924c62d72abc48d6fe7364aa87328337a31007fe8a4f"},
]
traitlets = []
typing-extensions = []
urllib3 = []
wcwidth = [
    {file = "wcwidth-0.2.5-py2.py3-none-any.whl", hash = "sha256:beb4802a9cebb9144e99086eff703a642a13d6a0052920003a230f3294bbe784"},
    {file = "wcwidth-0.2.5.tar.gz", hash = "sha256:c4d647b99872929fdb7bdcaa4fbe7f01413ed3d98077df798530e5b04f116c83"},
]
websocket-client = []
"zope.event" = [
    {file = "zope.event-4.5.0-py2.py3-none-any.whl", hash = "sha256:2666401939cdaa5f4e0c08cf7f20c9b21423b95e88f4675b1443973bdb080c42"},
    {file = "zope.event-4.5.0.tar.gz", hash = "sha256:5e76517f5b9b119acf37ca8819781db6c16ea433f7e2062c4afc2b6fbedb1330"},
]
"zope.interface" = [
    {file = "zope.interface-5.4.0-cp27-cp27m-macosx_10_14_x86_64.whl", hash = "sha256:7df1e1c05304f26faa49fa752a8c690126cf98b40b91d54e6e9cc3b7d6ffe8b7"},
    {file = "zope.interface-5.4.0-cp27-cp27m-manylinux1_i686.whl", hash = "sha256:2c98384b254b37ce50eddd55db8d381a5c53b4c10ee66e1e7fe749824f894021"},
    {file = "zope.interface-5.4.0-cp27-cp27m-manylinux1_x86_64.whl", hash = "sha256:08f9636e99a9d5410181ba0729e0408d3d8748026ea938f3b970a0249daa8192"},
    {file = "zope.interface-5.4.0-cp27-cp27m-manylinux2010_i686.whl", hash = "sha256:0ea1d73b7c9dcbc5080bb8aaffb776f1c68e807767069b9ccdd06f27a161914a"},
    {file = "zope.interface-5.4.0-cp27-cp27m-manylinux2010_x86_64.whl", hash = "sha256:273f158fabc5ea33cbc936da0ab3d4ba80ede5351babc4f577d768e057651531"},
    {file = "zope.interface-5.4.0-cp27-cp27m-win32.whl", hash = "sha256:a1e6e96217a0f72e2b8629e271e1b280c6fa3fe6e59fa8f6701bec14e3354325"},
    {file = "zope.interface-5.4.0-cp27-cp27m-win_amd64.whl", hash = "sha256:877473e675fdcc113c138813a5dd440da0769a2d81f4d86614e5d62b69497155"},
    {file = "zope.interface-5.4.0-cp27-cp27mu-manylinux1_i686.whl", hash = "sha256:f7ee479e96f7ee350db1cf24afa5685a5899e2b34992fb99e1f7c1b0b758d263"},
    {file = "zope.interface-5.4.0-cp27-cp27mu-manylinux1_x86_64.whl", hash = "sha256:b0297b1e05fd128d26cc2460c810d42e205d16d76799526dfa8c8ccd50e74959"},
    {file = "zope.interface-5.4.0-cp27-cp27mu-manylinux2010_i686.whl", hash = "sha256:af310ec8335016b5e52cae60cda4a4f2a60a788cbb949a4fbea13d441aa5a09e"},
    {file = "zope.interface-5.4.0-cp27-cp27mu-manylinux2010_x86_64.whl", hash = "sha256:9a9845c4c6bb56e508651f005c4aeb0404e518c6f000d5a1123ab077ab769f5c"},
    {file = "zope.interface-5.4.0-cp35-cp35m-manylinux1_i686.whl", hash = "sha256:0b465ae0962d49c68aa9733ba92a001b2a0933c317780435f00be7ecb959c702"},
    {file = "zope.interface-5.4.0-cp35-cp35m-manylinux1_x86_64.whl", hash = "sha256:5dd9ca406499444f4c8299f803d4a14edf7890ecc595c8b1c7115c2342cadc5f"},
    {file = "zope.interface-5.4.0-cp35-cp35m-manylinux2010_i686.whl", hash = "sha256:469e2407e0fe9880ac690a3666f03eb4c3c444411a5a5fddfdabc5d184a79f05"},
    {file = "zope.interface-5.4.0-cp35-cp35m-manylinux2010_x86_64.whl", hash = "sha256:52de7fc6c21b419078008f697fd4103dbc763288b1406b4562554bd47514c004"},
    {file = "zope.interface-5.4.0-cp35-cp35m-manylinux2014_aarch64.whl", hash = "sha256:3dd4952748521205697bc2802e4afac5ed4b02909bb799ba1fe239f77fd4e117"},
    {file = "zope.interface-5.4.0-cp35-cp35m-win32.whl", hash = "sha256:dd93ea5c0c7f3e25335ab7d22a507b1dc43976e1345508f845efc573d3d779d8"},
    {file = "zope.interface-5.4.0-cp35-cp35m-win_amd64.whl", hash = "sha256:3748fac0d0f6a304e674955ab1365d515993b3a0a865e16a11ec9d86fb307f63"},
    {file = "zope.interface-5.4.0-cp36-cp36m-macosx_10_14_x86_64.whl", hash = "sha256:66c0061c91b3b9cf542131148ef7ecbecb2690d48d1612ec386de9d36766058f"},
    {file = "zope.interface-5.4.0-cp36-cp36m-manylinux1_i686.whl", hash = "sha256:d0c1bc2fa9a7285719e5678584f6b92572a5b639d0e471bb8d4b650a1a910920"},
    {file = "zope.interface-5.4.0-cp36-cp36m-manylinux1_x86_64.whl", hash = "sha256:2876246527c91e101184f63ccd1d716ec9c46519cc5f3d5375a3351c46467c46"},
    {file = "zope.interface-5.4.0-cp36-cp36m-manylinux2010_i686.whl", hash = "sha256:334701327f37c47fa628fc8b8d28c7d7730ce7daaf4bda1efb741679c2b087fc"},
    {file = "zope.interface-5.4.0-cp36-cp36m-manylinux2010_x86_64.whl", hash = "sha256:71aace0c42d53abe6fc7f726c5d3b60d90f3c5c055a447950ad6ea9cec2e37d9"},
    {file = "zope.interface-5.4.0-cp36-cp36m-manylinux2014_aarch64.whl", hash = "sha256:5bb3489b4558e49ad2c5118137cfeaf59434f9737fa9c5deefc72d22c23822e2"},
    {file = "zope.interface-5.4.0-cp36-cp36m-win32.whl", hash = "sha256:1c0e316c9add0db48a5b703833881351444398b04111188069a26a61cfb4df78"},
    {file = "zope.interface-5.4.0-cp36-cp36m-win_amd64.whl", hash = "sha256:6f0c02cbb9691b7c91d5009108f975f8ffeab5dff8f26d62e21c493060eff2a1"},
    {file = "zope.interface-5.4.0-cp37-cp37m-macosx_10_14_x86_64.whl", hash = "sha256:7d97a4306898b05404a0dcdc32d9709b7d8832c0c542b861d9a826301719794e"},
    {file = "zope.interface-5.4.0-cp37-cp37m-manylinux1_i686.whl", hash = "sha256:867a5ad16892bf20e6c4ea2aab1971f45645ff3102ad29bd84c86027fa99997b"},
    {file = "zope.interface-5.4.0-cp37-cp37m-manylinux1_x86_64.whl", hash = "sha256:5f931a1c21dfa7a9c573ec1f50a31135ccce84e32507c54e1ea404894c5eb96f"},
    {file = "zope.interface-5.4.0-cp37-cp37m-manylinux2010_i686.whl", hash = "sha256:194d0bcb1374ac3e1e023961610dc8f2c78a0f5f634d0c737691e215569e640d"},
    {file = "zope.interface-5.4.0-cp37-cp37m-manylinux2010_x86_64.whl", hash = "sha256:8270252effc60b9642b423189a2fe90eb6b59e87cbee54549db3f5562ff8d1b8"},
    {file = "zope.interface-5.4.0-cp37-cp37m-manylinux2014_aarch64.whl", hash = "sha256:15e7d1f7a6ee16572e21e3576d2012b2778cbacf75eb4b7400be37455f5ca8bf"},
    {file = "zope.interface-5.4.0-cp37-cp37m-win32.whl", hash = "sha256:8892f89999ffd992208754851e5a052f6b5db70a1e3f7d54b17c5211e37a98c7"},
    {file = "zope.interface-5.4.0-cp37-cp37m-win_amd64.whl", hash = "sha256:2e5a26f16503be6c826abca904e45f1a44ff275fdb7e9d1b75c10671c26f8b94"},
    {file = "zope.interface-5.4.0-cp38-cp38-macosx_10_14_x86_64.whl", hash = "sha256:0f91b5b948686659a8e28b728ff5e74b1be6bf40cb04704453617e5f1e945ef3"},
    {file = "zope.interface-5.4.0-cp38-cp38-manylinux1_i686.whl", hash = "sha256:4de4bc9b6d35c5af65b454d3e9bc98c50eb3960d5a3762c9438df57427134b8e"},
    {file = "zope.interface-5.4.0-cp38-cp38-manylinux1_x86_64.whl", hash = "sha256:bf68f4b2b6683e52bec69273562df15af352e5ed25d1b6641e7efddc5951d1a7"},
    {file = "zope.interface-5.4.0-cp38-cp38-manylinux2010_i686.whl", hash = "sha256:63b82bb63de7c821428d513607e84c6d97d58afd1fe2eb645030bdc185440120"},
    {file = "zope.interface-5.4.0-cp38-cp38-manylinux2010_x86_64.whl", hash = "sha256:db1fa631737dab9fa0b37f3979d8d2631e348c3b4e8325d6873c2541d0ae5a48"},
    {file = "zope.interface-5.4.0-cp38-cp38-manylinux2014_aarch64.whl", hash = "sha256:f44e517131a98f7a76696a7b21b164bcb85291cee106a23beccce454e1f433a4"},
    {file = "zope.interface-5.4.0-cp38-cp38-win32.whl", hash = "sha256:a9506a7e80bcf6eacfff7f804c0ad5350c8c95b9010e4356a4b36f5322f09abb"},
    {file = "zope.interface-5.4.0-cp38-cp38-win_amd64.whl", hash = "sha256:3c02411a3b62668200910090a0dff17c0b25aaa36145082a5a6adf08fa281e54"},
    {file = "zope.interface-5.4.0-cp39-cp39-macosx_10_14_x86_64.whl", hash = "sha256:0cee5187b60ed26d56eb2960136288ce91bcf61e2a9405660d271d1f122a69a4"},
    {file = "zope.interface-5.4.0-cp39-cp39-manylinux1_i686.whl", hash = "sha256:a8156e6a7f5e2a0ff0c5b21d6bcb45145efece1909efcbbbf48c56f8da68221d"},
    {file = "zope.interface-5.4.0-cp39-cp39-manylinux1_x86_64.whl", hash = "sha256:205e40ccde0f37496904572035deea747390a8b7dc65146d30b96e2dd1359a83"},
    {file = "zope.interface-5.4.0-cp39-cp39-manylinux2010_i686.whl", hash = "sha256:3f24df7124c323fceb53ff6168da70dbfbae1442b4f3da439cd441681f54fe25"},
    {file = "zope.interface-5.4.0-cp39-cp39-manylinux2010_x86_64.whl", hash = "sha256:5208ebd5152e040640518a77827bdfcc73773a15a33d6644015b763b9c9febc1"},
    {file = "zope.interface-5.4.0-cp39-cp39-manylinux2014_aarch64.whl", hash = "sha256:17776ecd3a1fdd2b2cd5373e5ef8b307162f581c693575ec62e7c5399d80794c"},
    {file = "zope.interface-5.4.0-cp39-cp39-win32.whl", hash = "sha256:d4d9d6c1a455d4babd320203b918ccc7fcbefe308615c521062bc2ba1aa4d26e"},
    {file = "zope.interface-5.4.0-cp39-cp39-win_amd64.whl", hash = "sha256:0cba8477e300d64a11a9789ed40ee8932b59f9ee05f85276dbb4b59acee5dd09"},
    {file = "zope.interface-5.4.0.tar.gz", hash = "sha256:5dba5f530fec3f0988d83b78cc591b58c0b6eb8431a85edd1569a0539a8a5a0e"},
]
